
Microsoft Visual Studio Solution File, Format Version 11.00
# Visual Studio 2010
Project("{8BC9CEB8-8B4A-11D0-8D11-00A0C91BC942}") = "Lab6-Ex1", "Lab6-Ex1\Lab6-Ex1.vcxproj", "{FCCCD689-E420-48E9-B2F3-35D8A4FF3C92}"
EndProject
Global
	GlobalSection(SolutionConfigurationPlatforms) = preSolution
		Debug|Win32 = Debug|Win32
		Release|Win32 = Release|Win32
	EndGlobalSection
	GlobalSection(ProjectConfigurationPlatforms) = postSolution
		{FCCCD689-E420-48E9-B2F3-35D8A4FF3C92}.Debug|Win32.ActiveCfg = Debug|Win32
		{FCCCD689-E420-48E9-B2F3-35D8A4FF3C92}.Debug|Win32.Build.0 = Debug|Win32
		{FCCCD689-E420-48E9-B2F3-35D8A4FF3C92}.Release|Win32.ActiveCfg = Release|Win32
		{FCCCD689-E420-48E9-B2F3-35D8A4FF3C92}.Release|Win32.Build.0 = Release|Win32
	EndGlobalSection
	GlobalSection(SolutionProperties) = preSolution
		HideSolutionNode = FALSE
	EndGlobalSection
EndGlobal
